// !$*UTF8*$!
{
	archiveVersion = 1;
	classes = {
	};
	objectVersion = 56;
	objects = {

/* Begin PBXBuildFile section */
		FA46D3002A7900BF0020BC65 /* AppDelegate.swift in Sources */ = {isa = PBXBuildFile; fileRef = FA46D2FF2A7900BF0020BC65 /* AppDelegate.swift */; };
		FA46D3022A7900BF0020BC65 /* SceneDelegate.swift in Sources */ = {isa = PBXBuildFile; fileRef = FA46D3012A7900BF0020BC65 /* SceneDelegate.swift */; };
		FA46D3042A7900BF0020BC65 /* MainViewController.swift in Sources */ = {isa = PBXBuildFile; fileRef = FA46D3032A7900BF0020BC65 /* MainViewController.swift */; };
		FA46D3092A7900C00020BC65 /* Assets.xcassets in Resources */ = {isa = PBXBuildFile; fileRef = FA46D3082A7900C00020BC65 /* Assets.xcassets */; };
		FA46D30C2A7900C00020BC65 /* LaunchScreen.storyboard in Resources */ = {isa = PBXBuildFile; fileRef = FA46D30A2A7900C00020BC65 /* LaunchScreen.storyboard */; };
		FA46D3142A7902980020BC65 /* Assembly.swift in Sources */ = {isa = PBXBuildFile; fileRef = FA46D3132A7902980020BC65 /* Assembly.swift */; };
		FA46D3162A79031D0020BC65 /* SkillsPresenter.swift in Sources */ = {isa = PBXBuildFile; fileRef = FA46D3152A79031D0020BC65 /* SkillsPresenter.swift */; };
		FA46D31C2A790B440020BC65 /* SkillsManager.swift in Sources */ = {isa = PBXBuildFile; fileRef = FA46D31B2A790B440020BC65 /* SkillsManager.swift */; };
		FA46D31E2A7914810020BC65 /* SkillsViewController.swift in Sources */ = {isa = PBXBuildFile; fileRef = FA46D31D2A7914810020BC65 /* SkillsViewController.swift */; };
		FA46D3202A7924850020BC65 /* MainTableViewController.swift in Sources */ = {isa = PBXBuildFile; fileRef = FA46D31F2A7924840020BC65 /* MainTableViewController.swift */; };
		FA46D3222A792C1B0020BC65 /* CustomCell.swift in Sources */ = {isa = PBXBuildFile; fileRef = FA46D3212A792C1B0020BC65 /* CustomCell.swift */; };
/* End PBXBuildFile section */

/* Begin PBXFileReference section */
		FA46D2FC2A7900BF0020BC65 /* MySkills.app */ = {isa = PBXFileReference; explicitFileType = wrapper.application; includeInIndex = 0; path = MySkills.app; sourceTree = BUILT_PRODUCTS_DIR; };
		FA46D2FF2A7900BF0020BC65 /* AppDelegate.swift */ = {isa = PBXFileReference; lastKnownFileType = sourcecode.swift; path = AppDelegate.swift; sourceTree = "<group>"; };
		FA46D3012A7900BF0020BC65 /* SceneDelegate.swift */ = {isa = PBXFileReference; lastKnownFileType = sourcecode.swift; path = SceneDelegate.swift; sourceTree = "<group>"; };
		FA46D3032A7900BF0020BC65 /* MainViewController.swift */ = {isa = PBXFileReference; lastKnownFileType = sourcecode.swift; path = MainViewController.swift; sourceTree = "<group>"; };
		FA46D3082A7900C00020BC65 /* Assets.xcassets */ = {isa = PBXFileReference; lastKnownFileType = folder.assetcatalog; path = Assets.xcassets; sourceTree = "<group>"; };
		FA46D30B2A7900C00020BC65 /* Base */ = {isa = PBXFileReference; lastKnownFileType = file.storyboard; name = Base; path = Base.lproj/LaunchScreen.storyboard; sourceTree = "<group>"; };
		FA46D30D2A7900C00020BC65 /* Info.plist */ = {isa = PBXFileReference; lastKnownFileType = text.plist.xml; path = Info.plist; sourceTree = "<group>"; };
		FA46D3132A7902980020BC65 /* Assembly.swift */ = {isa = PBXFileReference; lastKnownFileType = sourcecode.swift; path = Assembly.swift; sourceTree = "<group>"; };
		FA46D3152A79031D0020BC65 /* SkillsPresenter.swift */ = {isa = PBXFileReference; lastKnownFileType = sourcecode.swift; path = SkillsPresenter.swift; sourceTree = "<group>"; };
		FA46D31B2A790B440020BC65 /* SkillsManager.swift */ = {isa = PBXFileReference; lastKnownFileType = sourcecode.swift; path = SkillsManager.swift; sourceTree = "<group>"; };
		FA46D31D2A7914810020BC65 /* SkillsViewController.swift */ = {isa = PBXFileReference; lastKnownFileType = sourcecode.swift; path = SkillsViewController.swift; sourceTree = "<group>"; };
		FA46D31F2A7924840020BC65 /* MainTableViewController.swift */ = {isa = PBXFileReference; lastKnownFileType = sourcecode.swift; path = MainTableViewController.swift; sourceTree = "<group>"; };
		FA46D3212A792C1B0020BC65 /* CustomCell.swift */ = {isa = PBXFileReference; lastKnownFileType = sourcecode.swift; path = CustomCell.swift; sourceTree = "<group>"; };
/* End PBXFileReference section */

/* Begin PBXFrameworksBuildPhase section */
		FA46D2F92A7900BF0020BC65 /* Frameworks */ = {
			isa = PBXFrameworksBuildPhase;
			buildActionMask = 2147483647;
			files = (
			);
			runOnlyForDeploymentPostprocessing = 0;
		};
/* End PBXFrameworksBuildPhase section */

/* Begin PBXGroup section */
		FA46D2F32A7900BF0020BC65 = {
			isa = PBXGroup;
			children = (
				FA46D2FE2A7900BF0020BC65 /* MySkills */,
				FA46D2FD2A7900BF0020BC65 /* Products */,
			);
			sourceTree = "<group>";
		};
		FA46D2FD2A7900BF0020BC65 /* Products */ = {
			isa = PBXGroup;
			children = (
				FA46D2FC2A7900BF0020BC65 /* MySkills.app */,
			);
			name = Products;
			sourceTree = "<group>";
		};
		FA46D2FE2A7900BF0020BC65 /* MySkills */ = {
			isa = PBXGroup;
			children = (
				FA46D30D2A7900C00020BC65 /* Info.plist */,
				FA46D3192A7904900020BC65 /* Resources */,
				FA46D31A2A790ADC0020BC65 /* Model */,
				FA46D3172A7904760020BC65 /* Views */,
				FA46D3182A79047E0020BC65 /* Presenter */,
			);
			path = MySkills;
			sourceTree = "<group>";
		};
		FA46D3172A7904760020BC65 /* Views */ = {
			isa = PBXGroup;
			children = (
				FA46D3032A7900BF0020BC65 /* MainViewController.swift */,
				FA46D31D2A7914810020BC65 /* SkillsViewController.swift */,
				FA46D31F2A7924840020BC65 /* MainTableViewController.swift */,
				FA46D3212A792C1B0020BC65 /* CustomCell.swift */,
			);
			path = Views;
			sourceTree = "<group>";
		};
		FA46D3182A79047E0020BC65 /* Presenter */ = {
			isa = PBXGroup;
			children = (
				FA46D3132A7902980020BC65 /* Assembly.swift */,
				FA46D3152A79031D0020BC65 /* SkillsPresenter.swift */,
			);
			path = Presenter;
			sourceTree = "<group>";
		};
		FA46D3192A7904900020BC65 /* Resources */ = {
			isa = PBXGroup;
			children = (
				FA46D2FF2A7900BF0020BC65 /* AppDelegate.swift */,
				FA46D3012A7900BF0020BC65 /* SceneDelegate.swift */,
				FA46D3082A7900C00020BC65 /* Assets.xcassets */,
				FA46D30A2A7900C00020BC65 /* LaunchScreen.storyboard */,
			);
			path = Resources;
			sourceTree = "<group>";
		};
		FA46D31A2A790ADC0020BC65 /* Model */ = {
			isa = PBXGroup;
			children = (
				FA46D31B2A790B440020BC65 /* SkillsManager.swift */,
			);
			path = Model;
			sourceTree = "<group>";
		};
/* End PBXGroup section */

/* Begin PBXNativeTarget section */
		FA46D2FB2A7900BF0020BC65 /* MySkills */ = {
			isa = PBXNativeTarget;
			buildConfigurationList = FA46D3102A7900C00020BC65 /* Build configuration list for PBXNativeTarget "MySkills" */;
			buildPhases = (
				FA46D2F82A7900BF0020BC65 /* Sources */,
				FA46D2F92A7900BF0020BC65 /* Frameworks */,
				FA46D2FA2A7900BF0020BC65 /* Resources */,
			);
			buildRules = (
			);
			dependencies = (
			);
			name = MySkills;
			productName = MySkills;
			productReference = FA46D2FC2A7900BF0020BC65 /* MySkills.app */;
			productType = "com.apple.product-type.application";
		};
/* End PBXNativeTarget section */

/* Begin PBXProject section */
		FA46D2F42A7900BF0020BC65 /* Project object */ = {
			isa = PBXProject;
			attributes = {
				BuildIndependentTargetsInParallel = 1;
				LastSwiftUpdateCheck = 1400;
				LastUpgradeCheck = 1400;
				TargetAttributes = {
					FA46D2FB2A7900BF0020BC65 = {
						CreatedOnToolsVersion = 14.0.1;
					};
				};
			};
			buildConfigurationList = FA46D2F72A7900BF0020BC65 /* Build configuration list for PBXProject "MySkills" */;
			compatibilityVersion = "Xcode 14.0";
			developmentRegion = en;
			hasScannedForEncodings = 0;
			knownRegions = (
				en,
				Base,
			);
			mainGroup = FA46D2F32A7900BF0020BC65;
			productRefGroup = FA46D2FD2A7900BF0020BC65 /* Products */;
			projectDirPath = "";
			projectRoot = "";
			targets = (
				FA46D2FB2A7900BF0020BC65 /* MySkills */,
			);
		};
/* End PBXProject section */

/* Begin PBXResourcesBuildPhase section */
		FA46D2FA2A7900BF0020BC65 /* Resources */ = {
			isa = PBXResourcesBuildPhase;
			buildActionMask = 2147483647;
			files = (
				FA46D30C2A7900C00020BC65 /* LaunchScreen.storyboard in Resources */,
				FA46D3092A7900C00020BC65 /* Assets.xcassets in Resources */,
			);
			runOnlyForDeploymentPostprocessing = 0;
		};
/* End PBXResourcesBuildPhase section */

/* Begin PBXSourcesBuildPhase section */
		FA46D2F82A7900BF0020BC65 /* Sources */ = {
			isa = PBXSourcesBuildPhase;
			buildActionMask = 2147483647;
			files = (
				FA46D3162A79031D0020BC65 /* SkillsPresenter.swift in Sources */,
				FA46D31C2A790B440020BC65 /* SkillsManager.swift in Sources */,
				FA46D3042A7900BF0020BC65 /* MainViewController.swift in Sources */,
				FA46D3142A7902980020BC65 /* Assembly.swift in Sources */,
				FA46D3222A792C1B0020BC65 /* CustomCell.swift in Sources */,
				FA46D3202A7924850020BC65 /* MainTableViewController.swift in Sources */,
				FA46D31E2A7914810020BC65 /* SkillsViewController.swift in Sources */,
				FA46D3002A7900BF0020BC65 /* AppDelegate.swift in Sources */,
				FA46D3022A7900BF0020BC65 /* SceneDelegate.swift in Sources */,
			);
			runOnlyForDeploymentPostprocessing = 0;
		};
/* End PBXSourcesBuildPhase section */

/* Begin PBXVariantGroup section */
		FA46D30A2A7900C00020BC65 /* LaunchScreen.storyboard */ = {
			isa = PBXVariantGroup;
			children = (
				FA46D30B2A7900C00020BC65 /* Base */,
			);
			name = LaunchScreen.storyboard;
			sourceTree = "<group>";
		};
/* End PBXVariantGroup section */

/* Begin XCBuildConfiguration section */
		FA46D30E2A7900C00020BC65 /* Debug */ = {
			isa = XCBuildConfiguration;
			buildSettings = {
				ALWAYS_SEARCH_USER_PATHS = NO;
				CLANG_ANALYZER_NONNULL = YES;
				CLANG_ANALYZER_NUMBER_OBJECT_CONVERSION = YES_AGGRESSIVE;
				CLANG_CXX_LANGUAGE_STANDARD = "gnu++20";
				CLANG_ENABLE_MODULES = YES;
				CLANG_ENABLE_OBJC_ARC = YES;
				CLANG_ENABLE_OBJC_WEAK = YES;
				CLANG_WARN_BLOCK_CAPTURE_AUTORELEASING = YES;
				CLANG_WARN_BOOL_CONVERSION = YES;
				CLANG_WARN_COMMA = YES;
				CLANG_WARN_CONSTANT_CONVERSION = YES;
				CLANG_WARN_DEPRECATED_OBJC_IMPLEMENTATIONS = YES;
				CLANG_WARN_DIRECT_OBJC_ISA_USAGE = YES_ERROR;
				CLANG_WARN_DOCUMENTATION_COMMENTS = YES;
				CLANG_WARN_EMPTY_BODY = YES;
				CLANG_WARN_ENUM_CONVERSION = YES;
				CLANG_WARN_INFINITE_RECURSION = YES;
				CLANG_WARN_INT_CONVERSION = YES;
				CLANG_WARN_NON_LITERAL_NULL_CONVERSION = YES;
				CLANG_WARN_OBJC_IMPLICIT_RETAIN_SELF = YES;
				CLANG_WARN_OBJC_LITERAL_CONVERSION = YES;
				CLANG_WARN_OBJC_ROOT_CLASS = YES_ERROR;
				CLANG_WARN_QUOTED_INCLUDE_IN_FRAMEWORK_HEADER = YES;
				CLANG_WARN_RANGE_LOOP_ANALYSIS = YES;
				CLANG_WARN_STRICT_PROTOTYPES = YES;
				CLANG_WARN_SUSPICIOUS_MOVE = YES;
				CLANG_WARN_UNGUARDED_AVAILABILITY = YES_AGGRESSIVE;
				CLANG_WARN_UNREACHABLE_CODE = YES;
				CLANG_WARN__DUPLICATE_METHOD_MATCH = YES;
				COPY_PHASE_STRIP = NO;
				DEBUG_INFORMATION_FORMAT = dwarf;
				ENABLE_STRICT_OBJC_MSGSEND = YES;
				ENABLE_TESTABILITY = YES;
				GCC_C_LANGUAGE_STANDARD = gnu11;
				GCC_DYNAMIC_NO_PIC = NO;
				GCC_NO_COMMON_BLOCKS = YES;
				GCC_OPTIMIZATION_LEVEL = 0;
				GCC_PREPROCESSOR_DEFINITIONS = (
					"DEBUG=1",
					"$(inherited)",
				);
				GCC_WARN_64_TO_32_BIT_CONVERSION = YES;
				GCC_WARN_ABOUT_RETURN_TYPE = YES_ERROR;
				GCC_WARN_UNDECLARED_SELECTOR = YES;
				GCC_WARN_UNINITIALIZED_AUTOS = YES_AGGRESSIVE;
				GCC_WARN_UNUSED_FUNCTION = YES;
				GCC_WARN_UNUSED_VARIABLE = YES;
				IPHONEOS_DEPLOYMENT_TARGET = 16.0;
				MTL_ENABLE_DEBUG_INFO = INCLUDE_SOURCE;
				MTL_FAST_MATH = YES;
				ONLY_ACTIVE_ARCH = YES;
				SDKROOT = iphoneos;
				SWIFT_ACTIVE_COMPILATION_CONDITIONS = DEBUG;
				SWIFT_OPTIMIZATION_LEVEL = "-Onone";
			};
			name = Debug;
		};
		FA46D30F2A7900C00020BC65 /* Release */ = {
			isa = XCBuildConfiguration;
			buildSettings = {
				ALWAYS_SEARCH_USER_PATHS = NO;
				CLANG_ANALYZER_NONNULL = YES;
				CLANG_ANALYZER_NUMBER_OBJECT_CONVERSION = YES_AGGRESSIVE;
				CLANG_CXX_LANGUAGE_STANDARD = "gnu++20";
				CLANG_ENABLE_MODULES = YES;
				CLANG_ENABLE_OBJC_ARC = YES;
				CLANG_ENABLE_OBJC_WEAK = YES;
				CLANG_WARN_BLOCK_CAPTURE_AUTORELEASING = YES;
				CLANG_WARN_BOOL_CONVERSION = YES;
				CLANG_WARN_COMMA = YES;
				CLANG_WARN_CONSTANT_CONVERSION = YES;
				CLANG_WARN_DEPRECATED_OBJC_IMPLEMENTATIONS = YES;
				CLANG_WARN_DIRECT_OBJC_ISA_USAGE = YES_ERROR;
				CLANG_WARN_DOCUMENTATION_COMMENTS = YES;
				CLANG_WARN_EMPTY_BODY = YES;
				CLANG_WARN_ENUM_CONVERSION = YES;
				CLANG_WARN_INFINITE_RECURSION = YES;
				CLANG_WARN_INT_CONVERSION = YES;
				CLANG_WARN_NON_LITERAL_NULL_CONVERSION = YES;
				CLANG_WARN_OBJC_IMPLICIT_RETAIN_SELF = YES;
				CLANG_WARN_OBJC_LITERAL_CONVERSION = YES;
				CLANG_WARN_OBJC_ROOT_CLASS = YES_ERROR;
				CLANG_WARN_QUOTED_INCLUDE_IN_FRAMEWORK_HEADER = YES;
				CLANG_WARN_RANGE_LOOP_ANALYSIS = YES;
				CLANG_WARN_STRICT_PROTOTYPES = YES;
				CLANG_WARN_SUSPICIOUS_MOVE = YES;
				CLANG_WARN_UNGUARDED_AVAILABILITY = YES_AGGRESSIVE;
				CLANG_WARN_UNREACHABLE_CODE = YES;
				CLANG_WARN__DUPLICATE_METHOD_MATCH = YES;
				COPY_PHASE_STRIP = NO;
				DEBUG_INFORMATION_FORMAT = "dwarf-with-dsym";
				ENABLE_NS_ASSERTIONS = NO;
				ENABLE_STRICT_OBJC_MSGSEND = YES;
				GCC_C_LANGUAGE_STANDARD = gnu11;
				GCC_NO_COMMON_BLOCKS = YES;
				GCC_WARN_64_TO_32_BIT_CONVERSION = YES;
				GCC_WARN_ABOUT_RETURN_TYPE = YES_ERROR;
				GCC_WARN_UNDECLARED_SELECTOR = YES;
				GCC_WARN_UNINITIALIZED_AUTOS = YES_AGGRESSIVE;
				GCC_WARN_UNUSED_FUNCTION = YES;
				GCC_WARN_UNUSED_VARIABLE = YES;
				IPHONEOS_DEPLOYMENT_TARGET = 16.0;
				MTL_ENABLE_DEBUG_INFO = NO;
				MTL_FAST_MATH = YES;
				SDKROOT = iphoneos;
				SWIFT_COMPILATION_MODE = wholemodule;
				SWIFT_OPTIMIZATION_LEVEL = "-O";
				VALIDATE_PRODUCT = YES;
			};
			name = Release;
		};
		FA46D3112A7900C00020BC65 /* Debug */ = {
			isa = XCBuildConfiguration;
			buildSettings = {
				ASSETCATALOG_COMPILER_APPICON_NAME = AppIcon;
				ASSETCATALOG_COMPILER_GLOBAL_ACCENT_COLOR_NAME = AccentColor;
				CODE_SIGN_STYLE = Automatic;
				CURRENT_PROJECT_VERSION = 1;
				DEVELOPMENT_TEAM = AFAAV4M63Z;
				GENERATE_INFOPLIST_FILE = YES;
				INFOPLIST_FILE = MySkills/Info.plist;
				INFOPLIST_KEY_UIApplicationSupportsIndirectInputEvents = YES;
				INFOPLIST_KEY_UILaunchStoryboardName = LaunchScreen;
				INFOPLIST_KEY_UISupportedInterfaceOrientations = UIInterfaceOrientationPortrait;
				INFOPLIST_KEY_UISupportedInterfaceOrientations_iPad = "UIInterfaceOrientationLandscapeLeft UIInterfaceOrientationLandscapeRight UIInterfaceOrientationPortrait UIInterfaceOrientationPortraitUpsideDown";
				IPHONEOS_DEPLOYMENT_TARGET = 14.6;
				LD_RUNPATH_SEARCH_PATHS = (
					"$(inherited)",
					"@executable_path/Frameworks",
				);
				MARKETING_VERSION = 1.0;
				PRODUCT_BUNDLE_IDENTIFIER = namerei.MySkills;
				PRODUCT_NAME = "$(TARGET_NAME)";
				SUPPORTED_PLATFORMS = "iphoneos iphonesimulator";
				SUPPORTS_MACCATALYST = NO;
				SUPPORTS_MAC_DESIGNED_FOR_IPHONE_IPAD = NO;
				SWIFT_EMIT_LOC_STRINGS = YES;
				SWIFT_VERSION = 5.0;
				TARGETED_DEVICE_FAMILY = 1;
			};
			name = Debug;
		};
		FA46D3122A7900C00020BC65 /* Release */ = {
			isa = XCBuildConfiguration;
			buildSettings = {
				ASSETCATALOG_COMPILER_APPICON_NAME = AppIcon;
				ASSETCATALOG_COMPILER_GLOBAL_ACCENT_COLOR_NAME = AccentColor;
				CODE_SIGN_STYLE = Automatic;
				CURRENT_PROJECT_VERSION = 1;
				DEVELOPMENT_TEAM = AFAAV4M63Z;
				GENERATE_INFOPLIST_FILE = YES;
				INFOPLIST_FILE = MySkills/Info.plist;
				INFOPLIST_KEY_UIApplicationSupportsIndirectInputEvents = YES;
				INFOPLIST_KEY_UILaunchStoryboardName = LaunchScreen;
				INFOPLIST_KEY_UISupportedInterfaceOrientations = UIInterfaceOrientationPortrait;
				INFOPLIST_KEY_UISupportedInterfaceOrientations_iPad = "UIInterfaceOrientationLandscapeLeft UIInterfaceOrientationLandscapeRight UIInterfaceOrientationPortrait UIInterfaceOrientationPortraitUpsideDown";
				IPHONEOS_DEPLOYMENT_TARGET = 14.6;
				LD_RUNPATH_SEARCH_PATHS = (
					"$(inherited)",
					"@executable_path/Frameworks",
				);
				MARKETING_VERSION = 1.0;
				PRODUCT_BUNDLE_IDENTIFIER = namerei.MySkills;
				PRODUCT_NAME = "$(TARGET_NAME)";
				SUPPORTED_PLATFORMS = "iphoneos iphonesimulator";
				SUPPORTS_MACCATALYST = NO;
				SUPPORTS_MAC_DESIGNED_FOR_IPHONE_IPAD = NO;
				SWIFT_EMIT_LOC_STRINGS = YES;
				SWIFT_VERSION = 5.0;
				TARGETED_DEVICE_FAMILY = 1;
			};
			name = Release;
		};
/* End XCBuildConfiguration section */

/* Begin XCConfigurationList section */
		FA46D2F72A7900BF0020BC65 /* Build configuration list for PBXProject "MySkills" */ = {
			isa = XCConfigurationList;
			buildConfigurations = (
				FA46D30E2A7900C00020BC65 /* Debug */,
				FA46D30F2A7900C00020BC65 /* Release */,
			);
			defaultConfigurationIsVisible = 0;
			defaultConfigurationName = Release;
		};
		FA46D3102A7900C00020BC65 /* Build configuration list for PBXNativeTarget "MySkills" */ = {
			isa = XCConfigurationList;
			buildConfigurations = (
				FA46D3112A7900C00020BC65 /* Debug */,
				FA46D3122A7900C00020BC65 /* Release */,
			);
			defaultConfigurationIsVisible = 0;
			defaultConfigurationName = Release;
		};
/* End XCConfigurationList section */
	};
	rootObject = FA46D2F42A7900BF0020BC65 /* Project object */;
}
